{
  "name": "@markspec/vuepress-plugin-katex",
  "version": "0.0.0",
  "lockfileVersion": 1,
  "requires": true,
  "dependencies": {
    "commander": {
      "version": "2.20.0",
      "resolved": "https://registry.npmjs.org/commander/-/commander-2.20.0.tgz",
      "integrity": "sha512-7j2y+40w61zy6YC2iRNpUe/NwhNyoXrYpHMrSunaMG64nRnaf96zO/KMQR4OyN/UnE5KLyEBnKHd4aG3rskjpQ=="
    },
    "katex": {
      "version": "0.10.1",
      "resolved": "https://registry.npmjs.org/katex/-/katex-0.10.1.tgz",
      "integrity": "sha512-iZXZ2L8pEP7HXBLAaeWkdLxnoRQ8Fdks8IuIVt01tYb+D8e0em5JYgfe6J48wXsuEr512IRCN5Kvwb9FjZH6kg==",
      "requires": {
        "commander": "^2.19.0"
      }
    },
    "markdown-it-texmath": {
      "version": "0.5.5",
      "resolved": "https://registry.npmjs.org/markdown-it-texmath/-/markdown-it-texmath-0.5.5.tgz",
      "integrity": "sha512-qoKD5KwH7vz7QRTghsK4hhxiKOKM2cE4KYZJITIc4k3n/2bqQDeQE+3m/ywTagcKWuimWadevAqWnt2XbtViCA=="
    }
  }
}
