{
	"name": "@markspec/markdown-it-markspec",
	"version": "1.0.0",
	"lockfileVersion": 1,
	"requires": true,
	"dependencies": {
		"@markspec/markdown-it-plantuml": {
			"version": "1.1.1",
			"resolved": "https://registry.npmjs.org/@markspec/markdown-it-plantuml/-/markdown-it-plantuml-1.1.1.tgz",
			"integrity": "sha512-UmtcdObNNQgWso1bRHR8r0V+byOBwFjeDbx+kB4WZZ2ek8p5hAFZA8E2+z7kYXAwTGloUQlIbK0r6EECCt+kzg==",
			"requires": {
				"@markspec/plantuml": "^1.2.0"
			}
		},
		"@markspec/plantuml": {
			"version": "1.2.0",
			"resolved": "https://registry.npmjs.org/@markspec/plantuml/-/plantuml-1.2.0.tgz",
			"integrity": "sha512-yXwd0bnwgFr8s5/wGP0fMpR+rNys6q/NDLLicmGAH1FLEepjdSCBaaKRxoG1upW7HQTr75Sz/88bTcQnZBJDzA==",
			"requires": {
				"mini-svg-data-uri": "^1.1.3"
			}
		},
		"argparse": {
			"version": "1.0.10",
			"resolved": "https://registry.npmjs.org/argparse/-/argparse-1.0.10.tgz",
			"integrity": "sha512-o5Roy6tNG4SL/FOkCAN6RzjiakZS25RLYFrcMttJqbdd8BWrnA+fGz57iN5Pb06pvBGvl5gQ0B48dJlslXvoTg==",
			"dev": true,
			"requires": {
				"sprintf-js": "~1.0.2"
			}
		},
		"clipboard": {
			"version": "2.0.6",
			"resolved": "https://registry.npmjs.org/clipboard/-/clipboard-2.0.6.tgz",
			"integrity": "sha512-g5zbiixBRk/wyKakSwCKd7vQXDjFnAMGHoEyBogG/bw9kTD9GvdAvaoRR1ALcEzt3pVKxZR0pViekPMIS0QyGg==",
			"optional": true,
			"requires": {
				"good-listener": "^1.2.2",
				"select": "^1.1.2",
				"tiny-emitter": "^2.0.0"
			}
		},
		"commander": {
			"version": "2.20.3",
			"resolved": "https://registry.npmjs.org/commander/-/commander-2.20.3.tgz",
			"integrity": "sha512-GpVkmM8vF2vQUkj2LvZmD35JxeJOLCwJ9cUkugyk2nuhbv3+mJvpLYYt+0+USMxE+oj+ey/lJEnhZw75x/OMcQ=="
		},
		"delegate": {
			"version": "3.2.0",
			"resolved": "https://registry.npmjs.org/delegate/-/delegate-3.2.0.tgz",
			"integrity": "sha512-IofjkYBZaZivn0V8nnsMJGBr4jVLxHDheKSW88PyxS5QC4Vo9ZbZVvhzlSxY87fVq3STR6r+4cGepyHkcWOQSw==",
			"optional": true
		},
		"emoji-regex": {
			"version": "6.1.1",
			"resolved": "https://registry.npmjs.org/emoji-regex/-/emoji-regex-6.1.1.tgz",
			"integrity": "sha1-xs0OwbBkLio8Z6ETfvxeeW2k+I4="
		},
		"entities": {
			"version": "1.1.2",
			"resolved": "https://registry.npmjs.org/entities/-/entities-1.1.2.tgz",
			"integrity": "sha512-f2LZMYl1Fzu7YSBKg+RoROelpOaNrcGmE9AZubeDfrCEia483oW4MI4VyFd5VNHIgQ/7qm1I0wUHK1eJnn2y2w==",
			"dev": true
		},
		"github-slugger": {
			"version": "1.3.0",
			"resolved": "https://registry.npmjs.org/github-slugger/-/github-slugger-1.3.0.tgz",
			"integrity": "sha512-gwJScWVNhFYSRDvURk/8yhcFBee6aFjye2a7Lhb2bUyRulpIoek9p0I9Kt7PT67d/nUlZbFu8L9RLiA0woQN8Q==",
			"requires": {
				"emoji-regex": ">=6.0.0 <=6.1.1"
			}
		},
		"good-listener": {
			"version": "1.2.2",
			"resolved": "https://registry.npmjs.org/good-listener/-/good-listener-1.2.2.tgz",
			"integrity": "sha1-1TswzfkxPf+33JoNR3CWqm0UXFA=",
			"optional": true,
			"requires": {
				"delegate": "^3.1.2"
			}
		},
		"html-entities": {
			"version": "1.3.1",
			"resolved": "https://registry.npmjs.org/html-entities/-/html-entities-1.3.1.tgz",
			"integrity": "sha512-rhE/4Z3hIhzHAUKbW8jVcCyuT5oJCXXqhN/6mXXVCpzTmvJnoH2HL/bt3EZ6p55jbFJBeAe1ZNpL5BugLujxNA=="
		},
		"innertext": {
			"version": "1.0.3",
			"resolved": "https://registry.npmjs.org/innertext/-/innertext-1.0.3.tgz",
			"integrity": "sha512-ZC410b7IbrTrmt8bQb27xUOJgXkJu+XL6MVncb9FGyxjRIHyQqNjpSDY20zvSUttkAiYj0dait/67/sXyWvwYg==",
			"requires": {
				"html-entities": "^1.2.0"
			}
		},
		"katex": {
			"version": "0.12.0",
			"resolved": "https://registry.npmjs.org/katex/-/katex-0.12.0.tgz",
			"integrity": "sha512-y+8btoc/CK70XqcHqjxiGWBOeIL8upbS0peTPXTvgrh21n1RiWWcIpSWM+4uXq+IAgNh9YYQWdc7LVDPDAEEAg==",
			"requires": {
				"commander": "^2.19.0"
			}
		},
		"linkify-it": {
			"version": "2.2.0",
			"resolved": "https://registry.npmjs.org/linkify-it/-/linkify-it-2.2.0.tgz",
			"integrity": "sha512-GnAl/knGn+i1U/wjBz3akz2stz+HrHLsxMwHQGofCDfPvlf+gDKN58UtfmUquTY4/MXeE2x7k19KQmeoZi94Iw==",
			"dev": true,
			"requires": {
				"uc.micro": "^1.0.1"
			}
		},
		"markdown-it": {
			"version": "8.4.2",
			"resolved": "https://registry.npmjs.org/markdown-it/-/markdown-it-8.4.2.tgz",
			"integrity": "sha512-GcRz3AWTqSUphY3vsUqQSFMbgR38a4Lh3GWlHRh/7MRwz8mcu9n2IO7HOh+bXHrR9kOPDl5RNCaEsrneb+xhHQ==",
			"dev": true,
			"requires": {
				"argparse": "^1.0.7",
				"entities": "~1.1.1",
				"linkify-it": "^2.0.0",
				"mdurl": "^1.0.1",
				"uc.micro": "^1.0.5"
			}
		},
		"markdown-it-anchor": {
			"version": "5.3.0",
			"resolved": "https://registry.npmjs.org/markdown-it-anchor/-/markdown-it-anchor-5.3.0.tgz",
			"integrity": "sha512-/V1MnLL/rgJ3jkMWo84UR+K+jF1cxNG1a+KwqeXqTIJ+jtA8aWSHuigx8lTzauiIjBDbwF3NcWQMotd0Dm39jA=="
		},
		"markdown-it-emoji": {
			"version": "1.4.0",
			"resolved": "https://registry.npmjs.org/markdown-it-emoji/-/markdown-it-emoji-1.4.0.tgz",
			"integrity": "sha1-m+4OmpkKljupbfaYDE/dsF37Tcw="
		},
		"markdown-it-footnote": {
			"version": "3.0.2",
			"resolved": "https://registry.npmjs.org/markdown-it-footnote/-/markdown-it-footnote-3.0.2.tgz",
			"integrity": "sha512-JVW6fCmZWjvMdDQSbOT3nnOQtd9iAXmw7hTSh26+v42BnvXeVyGMDBm5b/EZocMed2MbCAHiTX632vY0FyGB8A=="
		},
		"markdown-it-github-headings": {
			"version": "2.0.0",
			"resolved": "https://registry.npmjs.org/markdown-it-github-headings/-/markdown-it-github-headings-2.0.0.tgz",
			"integrity": "sha512-7ET0QiS2UWCM4hZraWVT9Df0PzuTQwK//3XM1q8vtXImUCRNGwG4bapa6ToDL8M4jkPeYSMrTiTvdJqwJifC4Q==",
			"requires": {
				"github-slugger": "^1.1.1",
				"innertext": "^1.0.1"
			}
		},
		"markdown-it-mermaid-plugin": {
			"version": "0.1.0",
			"resolved": "https://registry.npmjs.org/markdown-it-mermaid-plugin/-/markdown-it-mermaid-plugin-0.1.0.tgz",
			"integrity": "sha512-e5+BqzHA/P9rGLnryaLricGeQRnWkBKlfPdj1K8y5g7pZaIxQ6CtsDcxCqJ78aO7lmt0dLFI60wM0rq+D9V5YQ=="
		},
		"markdown-it-prism": {
			"version": "2.1.1",
			"resolved": "https://registry.npmjs.org/markdown-it-prism/-/markdown-it-prism-2.1.1.tgz",
			"integrity": "sha512-U1k2mOMC8FCApQBx2qMV7uYq0jfICfjmpBezFDxLeEIjzM3qsczofYuLY6k3XF3MVjdGTxkrb1Lq3YMDbGAJKw==",
			"requires": {
				"prismjs": "1.21.0"
			}
		},
		"markdown-it-task-lists": {
			"version": "2.1.1",
			"resolved": "https://registry.npmjs.org/markdown-it-task-lists/-/markdown-it-task-lists-2.1.1.tgz",
			"integrity": "sha512-TxFAc76Jnhb2OUu+n3yz9RMu4CwGfaT788br6HhEDlvWfdeJcLUsxk1Hgw2yJio0OXsxv7pyIPmvECY7bMbluA=="
		},
		"markdown-it-texmath": {
			"version": "0.8.0",
			"resolved": "https://registry.npmjs.org/markdown-it-texmath/-/markdown-it-texmath-0.8.0.tgz",
			"integrity": "sha512-/59D3rW/IG+tBoZv0Fuqg4XKhqGKYG+4us9JJ+9ZrERaN1XBMpU3U0wyOhynsJulKpGrZ0xa3+f9p35leuFc8w=="
		},
		"mdurl": {
			"version": "1.0.1",
			"resolved": "https://registry.npmjs.org/mdurl/-/mdurl-1.0.1.tgz",
			"integrity": "sha1-/oWy7HWlkDfyrf7BAP1sYBdhFS4=",
			"dev": true
		},
		"mini-svg-data-uri": {
			"version": "1.2.3",
			"resolved": "https://registry.npmjs.org/mini-svg-data-uri/-/mini-svg-data-uri-1.2.3.tgz",
			"integrity": "sha512-zd6KCAyXgmq6FV1mR10oKXYtvmA9vRoB6xPSTUJTbFApCtkefDnYueVR1gkof3KcdLZo1Y8mjF2DFmQMIxsHNQ=="
		},
		"prismjs": {
			"version": "1.21.0",
			"resolved": "https://registry.npmjs.org/prismjs/-/prismjs-1.21.0.tgz",
			"integrity": "sha512-uGdSIu1nk3kej2iZsLyDoJ7e9bnPzIgY0naW/HdknGj61zScaprVEVGHrPoXqI+M9sP0NDnTK2jpkvmldpuqDw==",
			"requires": {
				"clipboard": "^2.0.0"
			}
		},
		"select": {
			"version": "1.1.2",
			"resolved": "https://registry.npmjs.org/select/-/select-1.1.2.tgz",
			"integrity": "sha1-DnNQrN7ICxEIUoeG7B1EGNEbOW0=",
			"optional": true
		},
		"sprintf-js": {
			"version": "1.0.3",
			"resolved": "https://registry.npmjs.org/sprintf-js/-/sprintf-js-1.0.3.tgz",
			"integrity": "sha1-BOaSb2YolTVPPdAVIDYzuFcpfiw=",
			"dev": true
		},
		"tiny-emitter": {
			"version": "2.1.0",
			"resolved": "https://registry.npmjs.org/tiny-emitter/-/tiny-emitter-2.1.0.tgz",
			"integrity": "sha512-NB6Dk1A9xgQPMoGqC5CVXn123gWyte215ONT5Pp5a0yt4nlEoO1ZWeCwpncaekPHXO60i47ihFnZPiRPjRMq4Q==",
			"optional": true
		},
		"uc.micro": {
			"version": "1.0.6",
			"resolved": "https://registry.npmjs.org/uc.micro/-/uc.micro-1.0.6.tgz",
			"integrity": "sha512-8Y75pvTYkLJW2hWQHXxoqRgV7qb9B+9vFEtidML+7koHUFapnVJAZ6cKs+Qjz5Aw3aZWHMC6u0wJE3At+nSGwA==",
			"dev": true
		}
	}
}
