{
  "name": "@markspec/vuepress-plugin-plantuml",
  "version": "1.1.4",
  "lockfileVersion": 1,
  "requires": true,
  "dependencies": {
    "@markspec/markdown-it-plantuml": {
      "version": "1.1.4",
      "resolved": "https://registry.npmjs.org/@markspec/markdown-it-plantuml/-/markdown-it-plantuml-1.1.4.tgz",
      "integrity": "sha512-vtBXZsWmCUYV0IRBmbEaC0TByT24WSB/YTPWX/vetDxBvSFd9yswv4mOuux+ed53G70sz22BcQdEpZ8agJUJpw==",
      "requires": {
        "@markspec/plantuml": "^1.2.3"
      }
    },
    "@markspec/plantuml": {
      "version": "1.2.3",
      "resolved": "https://registry.npmjs.org/@markspec/plantuml/-/plantuml-1.2.3.tgz",
      "integrity": "sha512-9jvnZIHupYdOxiws79Ji8NjAZFNYoScCve0ARGpZgVEdZnbSX0zEob0i2w7uOG6DuXYhcy9RJOkVXvjcdmrnhg==",
      "requires": {
        "mini-svg-data-uri": "^1.2.3"
      }
    },
    "mini-svg-data-uri": {
      "version": "1.3.3",
      "resolved": "https://registry.npmjs.org/mini-svg-data-uri/-/mini-svg-data-uri-1.3.3.tgz",
      "integrity": "sha512-+fA2oRcR1dJI/7ITmeQJDrYWks0wodlOz0pAEhKYJ2IVc1z0AnwJUsKY2fzFmPAM3Jo9J0rBx8JAA9QQSJ5PuA=="
    }
  }
}
