{
  "name": "markspec",
  "version": "2.3.1",
  "lockfileVersion": 1,
  "requires": true,
  "dependencies": {
    "@markspec/markdown-it-link": {
      "version": "1.1.0",
      "resolved": "https://registry.npmjs.org/@markspec/markdown-it-link/-/markdown-it-link-1.1.0.tgz",
      "integrity": "sha512-DNpmwJjVtXr+C+7JN0UduyiTnnJL7UeWCwthTN9oLRTn5rSRkvxCVkpZVHAIkoPGTJTXLjDKOL+pXkcVXxW6tQ=="
    },
    "@markspec/markdown-it-markspec": {
      "version": "1.2.0",
      "resolved": "https://registry.npmjs.org/@markspec/markdown-it-markspec/-/markdown-it-markspec-1.2.0.tgz",
      "integrity": "sha512-v3P7qlz/rmAGvmZ5sl/NB7aZ9jKzbu0TuSNblc3WDMadfargrnf3o/rV0QzDgtUMcm1hblqAb44Mk3T0EnleCQ==",
      "requires": {
        "@markspec/markdown-it-link": "^1.1.0",
        "@markspec/markdown-it-plantuml": "^1.1.3",
        "@markspec/markdown-it-sections": "^1.1.1",
        "katex": "^0.12.0",
        "markdown-it-anchor": "^5.3.0",
        "markdown-it-emoji": "^1.4.0",
        "markdown-it-footnote": "^3.0.2",
        "markdown-it-front-matter": "^0.2.1",
        "markdown-it-github-headings": "^2.0.0",
        "markdown-it-mermaid-plugin": "^0.1.0",
        "markdown-it-prism": "^2.1.1",
        "markdown-it-replace-link": "^1.1.0",
        "markdown-it-task-lists": "^2.1.1",
        "markdown-it-texmath": "^0.8.0"
      }
    },
    "@markspec/markdown-it-plantuml": {
      "version": "1.1.3",
      "resolved": "https://registry.npmjs.org/@markspec/markdown-it-plantuml/-/markdown-it-plantuml-1.1.3.tgz",
      "integrity": "sha512-deLZJKj2Qq1WmL8mfqoY/waa2bfhLPpizTzZTNoUvFptPLJ1IGff+ZHdwmaurjZugoPhUgt6qAkAHVZE98NQ5w==",
      "requires": {
        "@markspec/plantuml": "^1.2.2"
      }
    },
    "@markspec/markdown-it-sections": {
      "version": "1.1.1",
      "resolved": "https://registry.npmjs.org/@markspec/markdown-it-sections/-/markdown-it-sections-1.1.1.tgz",
      "integrity": "sha512-7z2iY3iqY4maPx+QLK2UsvSvrrnpqkZ5BODPpcAgU/5fQEd1qfH/cidiZLa+jtM63FyopyZBXQ95vmyoWSLWdA=="
    },
    "@markspec/plantuml": {
      "version": "1.2.2",
      "resolved": "https://registry.npmjs.org/@markspec/plantuml/-/plantuml-1.2.2.tgz",
      "integrity": "sha512-Z3O0oiTcn7XEPJ1nnrCdfrQEV75awN+qLyU6f8ZWoh38rt6zXRrqy/fWdwtRHXGqcUUJaRbWdF4bBfv+VKDX3A==",
      "requires": {
        "mini-svg-data-uri": "^1.2.3"
      }
    },
    "@nodelib/fs.scandir": {
      "version": "2.1.3",
      "resolved": "https://registry.npmjs.org/@nodelib/fs.scandir/-/fs.scandir-2.1.3.tgz",
      "integrity": "sha512-eGmwYQn3gxo4r7jdQnkrrN6bY478C3P+a/y72IJukF8LjB6ZHeB3c+Ehacj3sYeSmUXGlnA67/PmbM9CVwL7Dw==",
      "requires": {
        "@nodelib/fs.stat": "2.0.3",
        "run-parallel": "^1.1.9"
      }
    },
    "@nodelib/fs.stat": {
      "version": "2.0.3",
      "resolved": "https://registry.npmjs.org/@nodelib/fs.stat/-/fs.stat-2.0.3.tgz",
      "integrity": "sha512-bQBFruR2TAwoevBEd/NWMoAAtNGzTRgdrqnYCc7dhzfoNvqPzLyqlEQnzZ3kVnNrSp25iyxE00/3h2fqGAGArA=="
    },
    "@nodelib/fs.walk": {
      "version": "1.2.4",
      "resolved": "https://registry.npmjs.org/@nodelib/fs.walk/-/fs.walk-1.2.4.tgz",
      "integrity": "sha512-1V9XOY4rDW0rehzbrcqAmHnz8e7SKvX27gh8Gt2WgB0+pdzdiLV83p72kZPU+jvMbS1qU5mauP2iOvO8rhmurQ==",
      "requires": {
        "@nodelib/fs.scandir": "2.1.3",
        "fastq": "^1.6.0"
      }
    },
    "@officr/cli": {
      "version": "1.3.4",
      "resolved": "https://registry.npmjs.org/@officr/cli/-/cli-1.3.4.tgz",
      "integrity": "sha512-qMcKi4n/H42KQy6wpb2ebi8c7h1TzI10l4y6UaI6/bxdPGrl1j3pmGIN289zKxRxiPedw08aWZhclr+Ghjw8Jg==",
      "requires": {
        "@officr/commons": "^1.4.0",
        "@officr/logger": "^1.4.1",
        "@officr/prompt": "^1.3.0",
        "ansi-colors": "^4.1.1",
        "cac": "^6.6.1",
        "loud-rejection": "^2.2.0"
      }
    },
    "@officr/commons": {
      "version": "1.4.0",
      "resolved": "https://registry.npmjs.org/@officr/commons/-/commons-1.4.0.tgz",
      "integrity": "sha512-wdhYx2uqxGco94ELJx6knbhnM24yFyGTNQNuhbbacZzIgGXoIQ+jdoeInR+r0bc9XNwK1bGxmykk5gMlZSvoRw==",
      "requires": {
        "@officr/logger": "^1.4.1",
        "@types/fs-extra": "^9.0.1",
        "@types/got": "^9.6.11",
        "@types/js-yaml": "^3.12.5",
        "@types/lodash": "^4.14.159",
        "date-fns": "^2.15.0",
        "execa": "^4.0.3",
        "fast-glob": "^3.2.4",
        "fs-extra": "^9.0.1",
        "got": "^11.5.2",
        "import-lazy": "^4.0.0",
        "js-yaml": "^3.14.0",
        "lodash": "^4.17.19",
        "upath": "^1.2.0"
      }
    },
    "@officr/logger": {
      "version": "1.4.1",
      "resolved": "https://registry.npmjs.org/@officr/logger/-/logger-1.4.1.tgz",
      "integrity": "sha512-BrWRiD12/Bxhs8rTkUYSBN+h2Sw2qDyPJKx+TFwiji1KUY9cJtkl1UYUfhJksWwJz4crkjPmy8Ytn8JZJYcHYQ==",
      "requires": {
        "ansi-colors": "^4.1.1"
      }
    },
    "@officr/prompt": {
      "version": "1.3.0",
      "resolved": "https://registry.npmjs.org/@officr/prompt/-/prompt-1.3.0.tgz",
      "integrity": "sha512-dJwoXVC+O8lZHms0Hcv/SeOASPpFdZyciW0s+qdt1OHIlBBwt4V/jFVYaX1BmMpreHKwBJxykWJqO5ip4jzX5Q==",
      "requires": {
        "enquirer": "^2.3.2"
      }
    },
    "@sindresorhus/is": {
      "version": "3.1.0",
      "resolved": "https://registry.npmjs.org/@sindresorhus/is/-/is-3.1.0.tgz",
      "integrity": "sha512-n4J+zu52VdY43kdi/XdI9DzuMr1Mur8zFL5ZRG2opCans9aiFwkPxHYFEb5Xgy7n1Z4K6WfI4FpqUqsh3E8BPQ=="
    },
    "@szmarczak/http-timer": {
      "version": "4.0.5",
      "resolved": "https://registry.npmjs.org/@szmarczak/http-timer/-/http-timer-4.0.5.tgz",
      "integrity": "sha512-PyRA9sm1Yayuj5OIoJ1hGt2YISX45w9WcFbh6ddT0Z/0yaFxOtGLInr4jUfU1EAFVs0Yfyfev4RNwBlUaHdlDQ==",
      "requires": {
        "defer-to-connect": "^2.0.0"
      }
    },
    "@types/cacheable-request": {
      "version": "6.0.1",
      "resolved": "https://registry.npmjs.org/@types/cacheable-request/-/cacheable-request-6.0.1.tgz",
      "integrity": "sha512-ykFq2zmBGOCbpIXtoVbz4SKY5QriWPh3AjyU4G74RYbtt5yOc5OfaY75ftjg7mikMOla1CTGpX3lLbuJh8DTrQ==",
      "requires": {
        "@types/http-cache-semantics": "*",
        "@types/keyv": "*",
        "@types/node": "*",
        "@types/responselike": "*"
      }
    },
    "@types/fs-extra": {
      "version": "9.0.1",
      "resolved": "https://registry.npmjs.org/@types/fs-extra/-/fs-extra-9.0.1.tgz",
      "integrity": "sha512-B42Sxuaz09MhC3DDeW5kubRcQ5by4iuVQ0cRRWM2lggLzAa/KVom0Aft/208NgMvNQQZ86s5rVcqDdn/SH0/mg==",
      "requires": {
        "@types/node": "*"
      }
    },
    "@types/got": {
      "version": "9.6.11",
      "resolved": "https://registry.npmjs.org/@types/got/-/got-9.6.11.tgz",
      "integrity": "sha512-dr3IiDNg5TDesGyuwTrN77E1Cd7DCdmCFtEfSGqr83jMMtcwhf/SGPbN2goY4JUWQfvxwY56+e5tjfi+oXeSdA==",
      "requires": {
        "@types/node": "*",
        "@types/tough-cookie": "*",
        "form-data": "^2.5.0"
      }
    },
    "@types/http-cache-semantics": {
      "version": "4.0.0",
      "resolved": "https://registry.npmjs.org/@types/http-cache-semantics/-/http-cache-semantics-4.0.0.tgz",
      "integrity": "sha512-c3Xy026kOF7QOTn00hbIllV1dLR9hG9NkSrLQgCVs8NF6sBU+VGWjD3wLPhmh1TYAc7ugCFsvHYMN4VcBN1U1A=="
    },
    "@types/js-yaml": {
      "version": "3.12.5",
      "resolved": "https://registry.npmjs.org/@types/js-yaml/-/js-yaml-3.12.5.tgz",
      "integrity": "sha512-JCcp6J0GV66Y4ZMDAQCXot4xprYB+Zfd3meK9+INSJeVZwJmHAW30BBEEkPzXswMXuiyReUGOP3GxrADc9wPww=="
    },
    "@types/keyv": {
      "version": "3.1.1",
      "resolved": "https://registry.npmjs.org/@types/keyv/-/keyv-3.1.1.tgz",
      "integrity": "sha512-MPtoySlAZQ37VoLaPcTHCu1RWJ4llDkULYZIzOYxlhxBqYPB0RsRlmMU0R6tahtFe27mIdkHV+551ZWV4PLmVw==",
      "requires": {
        "@types/node": "*"
      }
    },
    "@types/lodash": {
      "version": "4.14.159",
      "resolved": "https://registry.npmjs.org/@types/lodash/-/lodash-4.14.159.tgz",
      "integrity": "sha512-gF7A72f7WQN33DpqOWw9geApQPh4M3PxluMtaHxWHXEGSN12/WbcEk/eNSqWNQcQhF66VSZ06vCF94CrHwXJDg=="
    },
    "@types/node": {
      "version": "14.0.27",
      "resolved": "https://registry.npmjs.org/@types/node/-/node-14.0.27.tgz",
      "integrity": "sha512-kVrqXhbclHNHGu9ztnAwSncIgJv/FaxmzXJvGXNdcCpV1b8u1/Mi6z6m0vwy0LzKeXFTPLH0NzwmoJ3fNCIq0g=="
    },
    "@types/responselike": {
      "version": "1.0.0",
      "resolved": "https://registry.npmjs.org/@types/responselike/-/responselike-1.0.0.tgz",
      "integrity": "sha512-85Y2BjiufFzaMIlvJDvTTB8Fxl2xfLo4HgmHzVBz08w4wDePCTjYw66PdrolO0kzli3yam/YCgRufyo1DdQVTA==",
      "requires": {
        "@types/node": "*"
      }
    },
    "@types/tough-cookie": {
      "version": "4.0.0",
      "resolved": "https://registry.npmjs.org/@types/tough-cookie/-/tough-cookie-4.0.0.tgz",
      "integrity": "sha512-I99sngh224D0M7XgW1s120zxCt3VYQ3IQsuw3P3jbq5GG4yc79+ZjyKznyOGIQrflfylLgcfekeZW/vk0yng6A=="
    },
    "abbrev": {
      "version": "1.1.1",
      "resolved": "https://registry.npmjs.org/abbrev/-/abbrev-1.1.1.tgz",
      "integrity": "sha512-nne9/IiQ/hzIhY6pdDnbBtz7DjPTKrY00P/zvPSm5pOFkl6xuGrGnXn/VtTNNfNtAfZ9/1RtehkszU9qcTii0Q=="
    },
    "ansi-colors": {
      "version": "4.1.1",
      "resolved": "https://registry.npmjs.org/ansi-colors/-/ansi-colors-4.1.1.tgz",
      "integrity": "sha512-JoX0apGbHaUJBNl6yF+p6JAFYZ666/hhCGKN5t9QFjbJQKUU/g8MNbFDbvfrgKXvI1QpZplPOnwIo99lX/AAmA=="
    },
    "argparse": {
      "version": "1.0.10",
      "resolved": "https://registry.npmjs.org/argparse/-/argparse-1.0.10.tgz",
      "integrity": "sha512-o5Roy6tNG4SL/FOkCAN6RzjiakZS25RLYFrcMttJqbdd8BWrnA+fGz57iN5Pb06pvBGvl5gQ0B48dJlslXvoTg==",
      "requires": {
        "sprintf-js": "~1.0.2"
      }
    },
    "array-find-index": {
      "version": "1.0.2",
      "resolved": "https://registry.npmjs.org/array-find-index/-/array-find-index-1.0.2.tgz",
      "integrity": "sha1-3wEKoSh+Fku9pvlyOwqWoexBh6E="
    },
    "asynckit": {
      "version": "0.4.0",
      "resolved": "https://registry.npmjs.org/asynckit/-/asynckit-0.4.0.tgz",
      "integrity": "sha1-x57Zf380y48robyXkLzDZkdLS3k="
    },
    "at-least-node": {
      "version": "1.0.0",
      "resolved": "https://registry.npmjs.org/at-least-node/-/at-least-node-1.0.0.tgz",
      "integrity": "sha512-+q/t7Ekv1EDY2l6Gda6LLiX14rU9TV20Wa3ofeQmwPFZbOMo9DXrLbOjFaaclkXKWidIaopwAObQDqwWtGUjqg=="
    },
    "balanced-match": {
      "version": "1.0.0",
      "resolved": "https://registry.npmjs.org/balanced-match/-/balanced-match-1.0.0.tgz",
      "integrity": "sha1-ibTRmasr7kneFk6gK4nORi1xt2c="
    },
    "brace-expansion": {
      "version": "1.1.11",
      "resolved": "https://registry.npmjs.org/brace-expansion/-/brace-expansion-1.1.11.tgz",
      "integrity": "sha512-iCuPHDFgrHX7H2vEI/5xpz07zSHB00TpugqhmYtVmMO6518mCuRMoOYFldEBl0g187ufozdaHgWKcYFb61qGiA==",
      "requires": {
        "balanced-match": "^1.0.0",
        "concat-map": "0.0.1"
      }
    },
    "braces": {
      "version": "3.0.2",
      "resolved": "https://registry.npmjs.org/braces/-/braces-3.0.2.tgz",
      "integrity": "sha512-b8um+L1RzM3WDSzvhm6gIz1yfTbBt6YTlcEKAvsmqCZZFw46z626lVj9j1yEPW33H5H+lBQpZMP1k8l+78Ha0A==",
      "requires": {
        "fill-range": "^7.0.1"
      }
    },
    "cac": {
      "version": "6.6.1",
      "resolved": "https://registry.npmjs.org/cac/-/cac-6.6.1.tgz",
      "integrity": "sha512-uhki4T3Ax68hw7Dufi0bATVAF8ayBSwOKUEJHjObPrUN4tlQ8Lf7oljpTje/mArLxYN0D743c2zJt4C1bVTCqg=="
    },
    "cacheable-lookup": {
      "version": "5.0.3",
      "resolved": "https://registry.npmjs.org/cacheable-lookup/-/cacheable-lookup-5.0.3.tgz",
      "integrity": "sha512-W+JBqF9SWe18A72XFzN/V/CULFzPm7sBXzzR6ekkE+3tLG72wFZrBiBZhrZuDoYexop4PHJVdFAKb/Nj9+tm9w=="
    },
    "cacheable-request": {
      "version": "7.0.1",
      "resolved": "https://registry.npmjs.org/cacheable-request/-/cacheable-request-7.0.1.tgz",
      "integrity": "sha512-lt0mJ6YAnsrBErpTMWeu5kl/tg9xMAWjavYTN6VQXM1A/teBITuNcccXsCxF0tDQQJf9DfAaX5O4e0zp0KlfZw==",
      "requires": {
        "clone-response": "^1.0.2",
        "get-stream": "^5.1.0",
        "http-cache-semantics": "^4.0.0",
        "keyv": "^4.0.0",
        "lowercase-keys": "^2.0.0",
        "normalize-url": "^4.1.0",
        "responselike": "^2.0.0"
      }
    },
    "camel-case": {
      "version": "3.0.0",
      "resolved": "https://registry.npmjs.org/camel-case/-/camel-case-3.0.0.tgz",
      "integrity": "sha1-yjw2iKTpzzpM2nd9xNy8cTJJz3M=",
      "requires": {
        "no-case": "^2.2.0",
        "upper-case": "^1.1.1"
      }
    },
    "clean-css": {
      "version": "4.2.3",
      "resolved": "https://registry.npmjs.org/clean-css/-/clean-css-4.2.3.tgz",
      "integrity": "sha512-VcMWDN54ZN/DS+g58HYL5/n4Zrqe8vHJpGA8KdgUXFU4fuP/aHNw8eld9SyEIyabIMJX/0RaY/fplOo5hYLSFA==",
      "requires": {
        "source-map": "~0.6.0"
      }
    },
    "clipboard": {
      "version": "2.0.6",
      "resolved": "https://registry.npmjs.org/clipboard/-/clipboard-2.0.6.tgz",
      "integrity": "sha512-g5zbiixBRk/wyKakSwCKd7vQXDjFnAMGHoEyBogG/bw9kTD9GvdAvaoRR1ALcEzt3pVKxZR0pViekPMIS0QyGg==",
      "optional": true,
      "requires": {
        "good-listener": "^1.2.2",
        "select": "^1.1.2",
        "tiny-emitter": "^2.0.0"
      }
    },
    "clone-response": {
      "version": "1.0.2",
      "resolved": "https://registry.npmjs.org/clone-response/-/clone-response-1.0.2.tgz",
      "integrity": "sha1-0dyXOSAxTfZ/vrlCI7TuNQI56Ws=",
      "requires": {
        "mimic-response": "^1.0.0"
      }
    },
    "combined-stream": {
      "version": "1.0.8",
      "resolved": "https://registry.npmjs.org/combined-stream/-/combined-stream-1.0.8.tgz",
      "integrity": "sha512-FQN4MRfuJeHf7cBbBMJFXhKSDq+2kAArBlmRBvcvFE5BB1HZKXtSFASDhdlz9zOYwxh8lDdnvmMOe/+5cdoEdg==",
      "requires": {
        "delayed-stream": "~1.0.0"
      }
    },
    "commander": {
      "version": "2.20.3",
      "resolved": "https://registry.npmjs.org/commander/-/commander-2.20.3.tgz",
      "integrity": "sha512-GpVkmM8vF2vQUkj2LvZmD35JxeJOLCwJ9cUkugyk2nuhbv3+mJvpLYYt+0+USMxE+oj+ey/lJEnhZw75x/OMcQ=="
    },
    "concat-map": {
      "version": "0.0.1",
      "resolved": "https://registry.npmjs.org/concat-map/-/concat-map-0.0.1.tgz",
      "integrity": "sha1-2Klr13/Wjfd5OnMDajug1UBdR3s="
    },
    "config-chain": {
      "version": "1.1.12",
      "resolved": "https://registry.npmjs.org/config-chain/-/config-chain-1.1.12.tgz",
      "integrity": "sha512-a1eOIcu8+7lUInge4Rpf/n4Krkf3Dd9lqhljRzII1/Zno/kRtUWnznPO3jOKBmTEktkt3fkxisUcivoj0ebzoA==",
      "requires": {
        "ini": "^1.3.4",
        "proto-list": "~1.2.1"
      }
    },
    "cross-spawn": {
      "version": "7.0.3",
      "resolved": "https://registry.npmjs.org/cross-spawn/-/cross-spawn-7.0.3.tgz",
      "integrity": "sha512-iRDPJKUPVEND7dHPO8rkbOnPpyDygcDFtWjpeWNCgy8WP2rXcxXL8TskReQl6OrB2G7+UJrags1q15Fudc7G6w==",
      "requires": {
        "path-key": "^3.1.0",
        "shebang-command": "^2.0.0",
        "which": "^2.0.1"
      }
    },
    "currently-unhandled": {
      "version": "0.4.1",
      "resolved": "https://registry.npmjs.org/currently-unhandled/-/currently-unhandled-0.4.1.tgz",
      "integrity": "sha1-mI3zP+qxke95mmE2nddsF635V+o=",
      "requires": {
        "array-find-index": "^1.0.1"
      }
    },
    "date-fns": {
      "version": "2.15.0",
      "resolved": "https://registry.npmjs.org/date-fns/-/date-fns-2.15.0.tgz",
      "integrity": "sha512-ZCPzAMJZn3rNUvvQIMlXhDr4A+Ar07eLeGsGREoWU19a3Pqf5oYa+ccd+B3F6XVtQY6HANMFdOQ8A+ipFnvJdQ=="
    },
    "decompress-response": {
      "version": "6.0.0",
      "resolved": "https://registry.npmjs.org/decompress-response/-/decompress-response-6.0.0.tgz",
      "integrity": "sha512-aW35yZM6Bb/4oJlZncMH2LCoZtJXTRxES17vE3hoRiowU2kWHaJKFkSBDnDR+cm9J+9QhXmREyIfv0pji9ejCQ==",
      "requires": {
        "mimic-response": "^3.1.0"
      },
      "dependencies": {
        "mimic-response": {
          "version": "3.1.0",
          "resolved": "https://registry.npmjs.org/mimic-response/-/mimic-response-3.1.0.tgz",
          "integrity": "sha512-z0yWI+4FDrrweS8Zmt4Ej5HdJmky15+L2e6Wgn3+iK5fWzb6T3fhNFq2+MeTRb064c6Wr4N/wv0DzQTjNzHNGQ=="
        }
      }
    },
    "defer-to-connect": {
      "version": "2.0.0",
      "resolved": "https://registry.npmjs.org/defer-to-connect/-/defer-to-connect-2.0.0.tgz",
      "integrity": "sha512-bYL2d05vOSf1JEZNx5vSAtPuBMkX8K9EUutg7zlKvTqKXHt7RhWJFbmd7qakVuf13i+IkGmp6FwSsONOf6VYIg=="
    },
    "delayed-stream": {
      "version": "1.0.0",
      "resolved": "https://registry.npmjs.org/delayed-stream/-/delayed-stream-1.0.0.tgz",
      "integrity": "sha1-3zrhmayt+31ECqrgsp4icrJOxhk="
    },
    "delegate": {
      "version": "3.2.0",
      "resolved": "https://registry.npmjs.org/delegate/-/delegate-3.2.0.tgz",
      "integrity": "sha512-IofjkYBZaZivn0V8nnsMJGBr4jVLxHDheKSW88PyxS5QC4Vo9ZbZVvhzlSxY87fVq3STR6r+4cGepyHkcWOQSw==",
      "optional": true
    },
    "editorconfig": {
      "version": "0.15.3",
      "resolved": "https://registry.npmjs.org/editorconfig/-/editorconfig-0.15.3.tgz",
      "integrity": "sha512-M9wIMFx96vq0R4F+gRpY3o2exzb8hEj/n9S8unZtHSvYjibBp/iMufSzvmOcV/laG0ZtuTVGtiJggPOSW2r93g==",
      "requires": {
        "commander": "^2.19.0",
        "lru-cache": "^4.1.5",
        "semver": "^5.6.0",
        "sigmund": "^1.0.1"
      }
    },
    "emoji-regex": {
      "version": "6.1.1",
      "resolved": "https://registry.npmjs.org/emoji-regex/-/emoji-regex-6.1.1.tgz",
      "integrity": "sha1-xs0OwbBkLio8Z6ETfvxeeW2k+I4="
    },
    "end-of-stream": {
      "version": "1.4.4",
      "resolved": "https://registry.npmjs.org/end-of-stream/-/end-of-stream-1.4.4.tgz",
      "integrity": "sha512-+uw1inIHVPQoaVuHzRyXd21icM+cnt4CzD5rW+NC1wjOUSTOs+Te7FOv7AhN7vS9x/oIyhLP5PR1H+phQAHu5Q==",
      "requires": {
        "once": "^1.4.0"
      }
    },
    "enquirer": {
      "version": "2.3.6",
      "resolved": "https://registry.npmjs.org/enquirer/-/enquirer-2.3.6.tgz",
      "integrity": "sha512-yjNnPr315/FjS4zIsUxYguYUPP2e1NK4d7E7ZOLiyYCcbFBiTMyID+2wvm2w6+pZ/odMA7cRkjhsPbltwBOrLg==",
      "requires": {
        "ansi-colors": "^4.1.1"
      }
    },
    "entities": {
      "version": "2.0.3",
      "resolved": "https://registry.npmjs.org/entities/-/entities-2.0.3.tgz",
      "integrity": "sha512-MyoZ0jgnLvB2X3Lg5HqpFmn1kybDiIfEQmKzTb5apr51Rb+T3KdmMiqa70T+bhGnyv7bQ6WMj2QMHpGMmlrUYQ=="
    },
    "esprima": {
      "version": "4.0.1",
      "resolved": "https://registry.npmjs.org/esprima/-/esprima-4.0.1.tgz",
      "integrity": "sha512-eGuFFw7Upda+g4p+QHvnW0RyTX/SVeJBDM/gCtMARO0cLuT2HcEKnTPvhjV6aGeqrCB/sbNop0Kszm0jsaWU4A=="
    },
    "execa": {
      "version": "4.0.3",
      "resolved": "https://registry.npmjs.org/execa/-/execa-4.0.3.tgz",
      "integrity": "sha512-WFDXGHckXPWZX19t1kCsXzOpqX9LWYNqn4C+HqZlk/V0imTkzJZqf87ZBhvpHaftERYknpk0fjSylnXVlVgI0A==",
      "requires": {
        "cross-spawn": "^7.0.0",
        "get-stream": "^5.0.0",
        "human-signals": "^1.1.1",
        "is-stream": "^2.0.0",
        "merge-stream": "^2.0.0",
        "npm-run-path": "^4.0.0",
        "onetime": "^5.1.0",
        "signal-exit": "^3.0.2",
        "strip-final-newline": "^2.0.0"
      }
    },
    "fast-glob": {
      "version": "3.2.4",
      "resolved": "https://registry.npmjs.org/fast-glob/-/fast-glob-3.2.4.tgz",
      "integrity": "sha512-kr/Oo6PX51265qeuCYsyGypiO5uJFgBS0jksyG7FUeCyQzNwYnzrNIMR1NXfkZXsMYXYLRAHgISHBz8gQcxKHQ==",
      "requires": {
        "@nodelib/fs.stat": "^2.0.2",
        "@nodelib/fs.walk": "^1.2.3",
        "glob-parent": "^5.1.0",
        "merge2": "^1.3.0",
        "micromatch": "^4.0.2",
        "picomatch": "^2.2.1"
      }
    },
    "fastq": {
      "version": "1.8.0",
      "resolved": "https://registry.npmjs.org/fastq/-/fastq-1.8.0.tgz",
      "integrity": "sha512-SMIZoZdLh/fgofivvIkmknUXyPnvxRE3DhtZ5Me3Mrsk5gyPL42F0xr51TdRXskBxHfMp+07bcYzfsYEsSQA9Q==",
      "requires": {
        "reusify": "^1.0.4"
      }
    },
    "fill-range": {
      "version": "7.0.1",
      "resolved": "https://registry.npmjs.org/fill-range/-/fill-range-7.0.1.tgz",
      "integrity": "sha512-qOo9F+dMUmC2Lcb4BbVvnKJxTPjCm+RRpe4gDuGrzkL7mEVl/djYSu2OdQ2Pa302N4oqkSg9ir6jaLWJ2USVpQ==",
      "requires": {
        "to-regex-range": "^5.0.1"
      }
    },
    "form-data": {
      "version": "2.5.1",
      "resolved": "https://registry.npmjs.org/form-data/-/form-data-2.5.1.tgz",
      "integrity": "sha512-m21N3WOmEEURgk6B9GLOE4RuWOFf28Lhh9qGYeNlGq4VDXUlJy2th2slBNU8Gp8EzloYZOibZJ7t5ecIrFSjVA==",
      "requires": {
        "asynckit": "^0.4.0",
        "combined-stream": "^1.0.6",
        "mime-types": "^2.1.12"
      }
    },
    "fs-extra": {
      "version": "9.0.1",
      "resolved": "https://registry.npmjs.org/fs-extra/-/fs-extra-9.0.1.tgz",
      "integrity": "sha512-h2iAoN838FqAFJY2/qVpzFXy+EBxfVE220PalAqQLDVsFOHLJrZvut5puAbCdNv6WJk+B8ihI+k0c7JK5erwqQ==",
      "requires": {
        "at-least-node": "^1.0.0",
        "graceful-fs": "^4.2.0",
        "jsonfile": "^6.0.1",
        "universalify": "^1.0.0"
      }
    },
    "fs.realpath": {
      "version": "1.0.0",
      "resolved": "https://registry.npmjs.org/fs.realpath/-/fs.realpath-1.0.0.tgz",
      "integrity": "sha1-FQStJSMVjKpA20onh8sBQRmU6k8="
    },
    "get-stream": {
      "version": "5.1.0",
      "resolved": "https://registry.npmjs.org/get-stream/-/get-stream-5.1.0.tgz",
      "integrity": "sha512-EXr1FOzrzTfGeL0gQdeFEvOMm2mzMOglyiOXSTpPC+iAjAKftbr3jpCMWynogwYnM+eSj9sHGc6wjIcDvYiygw==",
      "requires": {
        "pump": "^3.0.0"
      }
    },
    "github-slugger": {
      "version": "1.3.0",
      "resolved": "https://registry.npmjs.org/github-slugger/-/github-slugger-1.3.0.tgz",
      "integrity": "sha512-gwJScWVNhFYSRDvURk/8yhcFBee6aFjye2a7Lhb2bUyRulpIoek9p0I9Kt7PT67d/nUlZbFu8L9RLiA0woQN8Q==",
      "requires": {
        "emoji-regex": ">=6.0.0 <=6.1.1"
      }
    },
    "glob": {
      "version": "7.1.6",
      "resolved": "https://registry.npmjs.org/glob/-/glob-7.1.6.tgz",
      "integrity": "sha512-LwaxwyZ72Lk7vZINtNNrywX0ZuLyStrdDtabefZKAY5ZGJhVtgdznluResxNmPitE0SAO+O26sWTHeKSI2wMBA==",
      "requires": {
        "fs.realpath": "^1.0.0",
        "inflight": "^1.0.4",
        "inherits": "2",
        "minimatch": "^3.0.4",
        "once": "^1.3.0",
        "path-is-absolute": "^1.0.0"
      }
    },
    "glob-parent": {
      "version": "5.1.1",
      "resolved": "https://registry.npmjs.org/glob-parent/-/glob-parent-5.1.1.tgz",
      "integrity": "sha512-FnI+VGOpnlGHWZxthPGR+QhR78fuiK0sNLkHQv+bL9fQi57lNNdquIbna/WrfROrolq8GK5Ek6BiMwqL/voRYQ==",
      "requires": {
        "is-glob": "^4.0.1"
      }
    },
    "good-listener": {
      "version": "1.2.2",
      "resolved": "https://registry.npmjs.org/good-listener/-/good-listener-1.2.2.tgz",
      "integrity": "sha1-1TswzfkxPf+33JoNR3CWqm0UXFA=",
      "optional": true,
      "requires": {
        "delegate": "^3.1.2"
      }
    },
    "got": {
      "version": "11.5.2",
      "resolved": "https://registry.npmjs.org/got/-/got-11.5.2.tgz",
      "integrity": "sha512-yUhpEDLeuGiGJjRSzEq3kvt4zJtAcjKmhIiwNp/eUs75tRlXfWcHo5tcBaMQtnjHWC7nQYT5HkY/l0QOQTkVww==",
      "requires": {
        "@sindresorhus/is": "^3.0.0",
        "@szmarczak/http-timer": "^4.0.5",
        "@types/cacheable-request": "^6.0.1",
        "@types/responselike": "^1.0.0",
        "cacheable-lookup": "^5.0.3",
        "cacheable-request": "^7.0.1",
        "decompress-response": "^6.0.0",
        "http2-wrapper": "^1.0.0-beta.5.0",
        "lowercase-keys": "^2.0.0",
        "p-cancelable": "^2.0.0",
        "responselike": "^2.0.0"
      }
    },
    "graceful-fs": {
      "version": "4.2.4",
      "resolved": "https://registry.npmjs.org/graceful-fs/-/graceful-fs-4.2.4.tgz",
      "integrity": "sha512-WjKPNJF79dtJAVniUlGGWHYGz2jWxT6VhN/4m1NdkbZ2nOsEF+cI1Edgql5zCRhs/VsQYRvrXctxktVXZUkixw=="
    },
    "he": {
      "version": "1.2.0",
      "resolved": "https://registry.npmjs.org/he/-/he-1.2.0.tgz",
      "integrity": "sha512-F/1DnUGPopORZi0ni+CvrCgHQ5FyEAHRLSApuYWMmrbSwoN2Mn/7k+Gl38gJnR7yyDZk6WLXwiGod1JOWNDKGw=="
    },
    "html-entities": {
      "version": "1.3.1",
      "resolved": "https://registry.npmjs.org/html-entities/-/html-entities-1.3.1.tgz",
      "integrity": "sha512-rhE/4Z3hIhzHAUKbW8jVcCyuT5oJCXXqhN/6mXXVCpzTmvJnoH2HL/bt3EZ6p55jbFJBeAe1ZNpL5BugLujxNA=="
    },
    "html-minifier": {
      "version": "4.0.0",
      "resolved": "https://registry.npmjs.org/html-minifier/-/html-minifier-4.0.0.tgz",
      "integrity": "sha512-aoGxanpFPLg7MkIl/DDFYtb0iWz7jMFGqFhvEDZga6/4QTjneiD8I/NXL1x5aaoCp7FSIT6h/OhykDdPsbtMig==",
      "requires": {
        "camel-case": "^3.0.0",
        "clean-css": "^4.2.1",
        "commander": "^2.19.0",
        "he": "^1.2.0",
        "param-case": "^2.1.1",
        "relateurl": "^0.2.7",
        "uglify-js": "^3.5.1"
      }
    },
    "http-cache-semantics": {
      "version": "4.1.0",
      "resolved": "https://registry.npmjs.org/http-cache-semantics/-/http-cache-semantics-4.1.0.tgz",
      "integrity": "sha512-carPklcUh7ROWRK7Cv27RPtdhYhUsela/ue5/jKzjegVvXDqM2ILE9Q2BGn9JZJh1g87cp56su/FgQSzcWS8cQ=="
    },
    "http2-wrapper": {
      "version": "1.0.0-beta.5.2",
      "resolved": "https://registry.npmjs.org/http2-wrapper/-/http2-wrapper-1.0.0-beta.5.2.tgz",
      "integrity": "sha512-xYz9goEyBnC8XwXDTuC/MZ6t+MrKVQZOk4s7+PaDkwIsQd8IwqvM+0M6bA/2lvG8GHXcPdf+MejTUeO2LCPCeQ==",
      "requires": {
        "quick-lru": "^5.1.1",
        "resolve-alpn": "^1.0.0"
      }
    },
    "human-signals": {
      "version": "1.1.1",
      "resolved": "https://registry.npmjs.org/human-signals/-/human-signals-1.1.1.tgz",
      "integrity": "sha512-SEQu7vl8KjNL2eoGBLF3+wAjpsNfA9XMlXAYj/3EdaNfAlxKthD1xjEQfGOUhllCGGJVNY34bRr6lPINhNjyZw=="
    },
    "import-lazy": {
      "version": "4.0.0",
      "resolved": "https://registry.npmjs.org/import-lazy/-/import-lazy-4.0.0.tgz",
      "integrity": "sha512-rKtvo6a868b5Hu3heneU+L4yEQ4jYKLtjpnPeUdK7h0yzXGmyBTypknlkCvHFBqfX9YlorEiMM6Dnq/5atfHkw=="
    },
    "inflight": {
      "version": "1.0.6",
      "resolved": "https://registry.npmjs.org/inflight/-/inflight-1.0.6.tgz",
      "integrity": "sha1-Sb1jMdfQLQwJvJEKEHW6gWW1bfk=",
      "requires": {
        "once": "^1.3.0",
        "wrappy": "1"
      }
    },
    "inherits": {
      "version": "2.0.4",
      "resolved": "https://registry.npmjs.org/inherits/-/inherits-2.0.4.tgz",
      "integrity": "sha512-k/vGaX4/Yla3WzyMCvTQOXYeIHvqOKtnqBduzTHpzpQZzAskKMhZ2K+EnBiSM9zGSoIFeMpXKxa4dYeZIQqewQ=="
    },
    "ini": {
      "version": "1.3.8",
      "resolved": "https://registry.npmjs.org/ini/-/ini-1.3.8.tgz",
      "integrity": "sha512-JV/yugV2uzW5iMRSiZAyDtQd+nxtUnjeLt0acNdw98kKLrvuRVyB80tsREOE7yvGVgalhZ6RNXCmEHkUKBKxew=="
    },
    "innertext": {
      "version": "1.0.3",
      "resolved": "https://registry.npmjs.org/innertext/-/innertext-1.0.3.tgz",
      "integrity": "sha512-ZC410b7IbrTrmt8bQb27xUOJgXkJu+XL6MVncb9FGyxjRIHyQqNjpSDY20zvSUttkAiYj0dait/67/sXyWvwYg==",
      "requires": {
        "html-entities": "^1.2.0"
      }
    },
    "is-extglob": {
      "version": "2.1.1",
      "resolved": "https://registry.npmjs.org/is-extglob/-/is-extglob-2.1.1.tgz",
      "integrity": "sha1-qIwCU1eR8C7TfHahueqXc8gz+MI="
    },
    "is-glob": {
      "version": "4.0.1",
      "resolved": "https://registry.npmjs.org/is-glob/-/is-glob-4.0.1.tgz",
      "integrity": "sha512-5G0tKtBTFImOqDnLB2hG6Bp2qcKEFduo4tZu9MT/H6NQv/ghhy30o55ufafxJ/LdH79LLs2Kfrn85TLKyA7BUg==",
      "requires": {
        "is-extglob": "^2.1.1"
      }
    },
    "is-number": {
      "version": "7.0.0",
      "resolved": "https://registry.npmjs.org/is-number/-/is-number-7.0.0.tgz",
      "integrity": "sha512-41Cifkg6e8TylSpdtTpeLVMqvSBEVzTttHvERD741+pnZ8ANv0004MRL43QKPDlK9cGvNp6NZWZUBlbGXYxxng=="
    },
    "is-stream": {
      "version": "2.0.0",
      "resolved": "https://registry.npmjs.org/is-stream/-/is-stream-2.0.0.tgz",
      "integrity": "sha512-XCoy+WlUr7d1+Z8GgSuXmpuUFC9fOhRXglJMx+dwLKTkL44Cjd4W1Z5P+BQZpr+cR93aGP4S/s7Ftw6Nd/kiEw=="
    },
    "isexe": {
      "version": "2.0.0",
      "resolved": "https://registry.npmjs.org/isexe/-/isexe-2.0.0.tgz",
      "integrity": "sha1-6PvzdNxVb/iUehDcsFctYz8s+hA="
    },
    "js-beautify": {
      "version": "1.13.0",
      "resolved": "https://registry.npmjs.org/js-beautify/-/js-beautify-1.13.0.tgz",
      "integrity": "sha512-/Tbp1OVzZjbwzwJQFIlYLm9eWQ+3aYbBXLSaqb1mEJzhcQAfrqMMQYtjb6io+U6KpD0ID4F+Id3/xcjH3l/sqA==",
      "requires": {
        "config-chain": "^1.1.12",
        "editorconfig": "^0.15.3",
        "glob": "^7.1.3",
        "mkdirp": "^1.0.4",
        "nopt": "^5.0.0"
      }
    },
    "js-yaml": {
      "version": "3.14.0",
      "resolved": "https://registry.npmjs.org/js-yaml/-/js-yaml-3.14.0.tgz",
      "integrity": "sha512-/4IbIeHcD9VMHFqDR/gQ7EdZdLimOvW2DdcxFjdyyZ9NsbS+ccrXqVWDtab/lRl5AlUqmpBx8EhPaWR+OtY17A==",
      "requires": {
        "argparse": "^1.0.7",
        "esprima": "^4.0.0"
      }
    },
    "json-buffer": {
      "version": "3.0.1",
      "resolved": "https://registry.npmjs.org/json-buffer/-/json-buffer-3.0.1.tgz",
      "integrity": "sha512-4bV5BfR2mqfQTJm+V5tPPdf+ZpuhiIvTuAB5g8kcrXOZpTT/QwwVRWBywX1ozr6lEuPdbHxwaJlm9G6mI2sfSQ=="
    },
    "jsonfile": {
      "version": "6.0.1",
      "resolved": "https://registry.npmjs.org/jsonfile/-/jsonfile-6.0.1.tgz",
      "integrity": "sha512-jR2b5v7d2vIOust+w3wtFKZIfpC2pnRmFAhAC/BuweZFQR8qZzxH1OyrQ10HmdVYiXWkYUqPVsz91cG7EL2FBg==",
      "requires": {
        "graceful-fs": "^4.1.6",
        "universalify": "^1.0.0"
      }
    },
    "katex": {
      "version": "0.12.0",
      "resolved": "https://registry.npmjs.org/katex/-/katex-0.12.0.tgz",
      "integrity": "sha512-y+8btoc/CK70XqcHqjxiGWBOeIL8upbS0peTPXTvgrh21n1RiWWcIpSWM+4uXq+IAgNh9YYQWdc7LVDPDAEEAg==",
      "requires": {
        "commander": "^2.19.0"
      }
    },
    "keyv": {
      "version": "4.0.1",
      "resolved": "https://registry.npmjs.org/keyv/-/keyv-4.0.1.tgz",
      "integrity": "sha512-xz6Jv6oNkbhrFCvCP7HQa8AaII8y8LRpoSm661NOKLr4uHuBwhX4epXrPQgF3+xdJnN4Esm5X0xwY4bOlALOtw==",
      "requires": {
        "json-buffer": "3.0.1"
      }
    },
    "linkify-it": {
      "version": "3.0.2",
      "resolved": "https://registry.npmjs.org/linkify-it/-/linkify-it-3.0.2.tgz",
      "integrity": "sha512-gDBO4aHNZS6coiZCKVhSNh43F9ioIL4JwRjLZPkoLIY4yZFwg264Y5lu2x6rb1Js42Gh6Yqm2f6L2AJcnkzinQ==",
      "requires": {
        "uc.micro": "^1.0.1"
      }
    },
    "lodash": {
      "version": "4.17.19",
      "resolved": "https://registry.npmjs.org/lodash/-/lodash-4.17.19.tgz",
      "integrity": "sha512-JNvd8XER9GQX0v2qJgsaN/mzFCNA5BRe/j8JN9d+tWyGLSodKQHKFicdwNYzWwI3wjRnaKPsGj1XkBjx/F96DQ=="
    },
    "loud-rejection": {
      "version": "2.2.0",
      "resolved": "https://registry.npmjs.org/loud-rejection/-/loud-rejection-2.2.0.tgz",
      "integrity": "sha512-S0FayMXku80toa5sZ6Ro4C+s+EtFDCsyJNG/AzFMfX3AxD5Si4dZsgzm/kKnbOxHl5Cv8jBlno8+3XYIh2pNjQ==",
      "requires": {
        "currently-unhandled": "^0.4.1",
        "signal-exit": "^3.0.2"
      }
    },
    "lower-case": {
      "version": "1.1.4",
      "resolved": "https://registry.npmjs.org/lower-case/-/lower-case-1.1.4.tgz",
      "integrity": "sha1-miyr0bno4K6ZOkv31YdcOcQujqw="
    },
    "lowercase-keys": {
      "version": "2.0.0",
      "resolved": "https://registry.npmjs.org/lowercase-keys/-/lowercase-keys-2.0.0.tgz",
      "integrity": "sha512-tqNXrS78oMOE73NMxK4EMLQsQowWf8jKooH9g7xPavRT706R6bkQJ6DY2Te7QukaZsulxa30wQ7bk0pm4XiHmA=="
    },
    "lru-cache": {
      "version": "4.1.5",
      "resolved": "https://registry.npmjs.org/lru-cache/-/lru-cache-4.1.5.tgz",
      "integrity": "sha512-sWZlbEP2OsHNkXrMl5GYk/jKk70MBng6UU4YI/qGDYbgf6YbP4EvmqISbXCoJiRKs+1bSpFHVgQxvJ17F2li5g==",
      "requires": {
        "pseudomap": "^1.0.2",
        "yallist": "^2.1.2"
      }
    },
    "markdown-it": {
      "version": "11.0.0",
      "resolved": "https://registry.npmjs.org/markdown-it/-/markdown-it-11.0.0.tgz",
      "integrity": "sha512-+CvOnmbSubmQFSA9dKz1BRiaSMV7rhexl3sngKqFyXSagoA3fBdJQ8oZWtRy2knXdpDXaBw44euz37DeJQ9asg==",
      "requires": {
        "argparse": "^1.0.7",
        "entities": "~2.0.0",
        "linkify-it": "^3.0.1",
        "mdurl": "^1.0.1",
        "uc.micro": "^1.0.5"
      }
    },
    "markdown-it-anchor": {
      "version": "5.3.0",
      "resolved": "https://registry.npmjs.org/markdown-it-anchor/-/markdown-it-anchor-5.3.0.tgz",
      "integrity": "sha512-/V1MnLL/rgJ3jkMWo84UR+K+jF1cxNG1a+KwqeXqTIJ+jtA8aWSHuigx8lTzauiIjBDbwF3NcWQMotd0Dm39jA=="
    },
    "markdown-it-emoji": {
      "version": "1.4.0",
      "resolved": "https://registry.npmjs.org/markdown-it-emoji/-/markdown-it-emoji-1.4.0.tgz",
      "integrity": "sha1-m+4OmpkKljupbfaYDE/dsF37Tcw="
    },
    "markdown-it-footnote": {
      "version": "3.0.2",
      "resolved": "https://registry.npmjs.org/markdown-it-footnote/-/markdown-it-footnote-3.0.2.tgz",
      "integrity": "sha512-JVW6fCmZWjvMdDQSbOT3nnOQtd9iAXmw7hTSh26+v42BnvXeVyGMDBm5b/EZocMed2MbCAHiTX632vY0FyGB8A=="
    },
    "markdown-it-front-matter": {
      "version": "0.2.3",
      "resolved": "https://registry.npmjs.org/markdown-it-front-matter/-/markdown-it-front-matter-0.2.3.tgz",
      "integrity": "sha512-s9+rcClLmZsZc3YL8Awjg/YO/VdphlE20LJ9Bx5a8RAFLI5a1vq6Mll8kOzG6w/wy8yhFLBupaa6Mfd60GATkA=="
    },
    "markdown-it-github-headings": {
      "version": "2.0.0",
      "resolved": "https://registry.npmjs.org/markdown-it-github-headings/-/markdown-it-github-headings-2.0.0.tgz",
      "integrity": "sha512-7ET0QiS2UWCM4hZraWVT9Df0PzuTQwK//3XM1q8vtXImUCRNGwG4bapa6ToDL8M4jkPeYSMrTiTvdJqwJifC4Q==",
      "requires": {
        "github-slugger": "^1.1.1",
        "innertext": "^1.0.1"
      }
    },
    "markdown-it-mermaid-plugin": {
      "version": "0.1.0",
      "resolved": "https://registry.npmjs.org/markdown-it-mermaid-plugin/-/markdown-it-mermaid-plugin-0.1.0.tgz",
      "integrity": "sha512-e5+BqzHA/P9rGLnryaLricGeQRnWkBKlfPdj1K8y5g7pZaIxQ6CtsDcxCqJ78aO7lmt0dLFI60wM0rq+D9V5YQ=="
    },
    "markdown-it-prism": {
      "version": "2.1.3",
      "resolved": "https://registry.npmjs.org/markdown-it-prism/-/markdown-it-prism-2.1.3.tgz",
      "integrity": "sha512-iK7dlsQawpOWlWa/p+jPWNFcn5E0Ace4G49uGatppIYck4PAvrNTb74cb0GUF0km3rZcy6Wz1nFrzXbmMcxNdQ==",
      "requires": {
        "prismjs": "1.22.0"
      }
    },
    "markdown-it-replace-link": {
      "version": "1.1.0",
      "resolved": "https://registry.npmjs.org/markdown-it-replace-link/-/markdown-it-replace-link-1.1.0.tgz",
      "integrity": "sha512-P+4D/Z16utgQVjMumA5W3lMbxWYk4iwg1Fk59wShFm7MRgzbjJm++tvI18LdYwiG8CKNA1TFWvHcbtehvMuViA=="
    },
    "markdown-it-task-lists": {
      "version": "2.1.1",
      "resolved": "https://registry.npmjs.org/markdown-it-task-lists/-/markdown-it-task-lists-2.1.1.tgz",
      "integrity": "sha512-TxFAc76Jnhb2OUu+n3yz9RMu4CwGfaT788br6HhEDlvWfdeJcLUsxk1Hgw2yJio0OXsxv7pyIPmvECY7bMbluA=="
    },
    "markdown-it-texmath": {
      "version": "0.8.0",
      "resolved": "https://registry.npmjs.org/markdown-it-texmath/-/markdown-it-texmath-0.8.0.tgz",
      "integrity": "sha512-/59D3rW/IG+tBoZv0Fuqg4XKhqGKYG+4us9JJ+9ZrERaN1XBMpU3U0wyOhynsJulKpGrZ0xa3+f9p35leuFc8w=="
    },
    "mdurl": {
      "version": "1.0.1",
      "resolved": "https://registry.npmjs.org/mdurl/-/mdurl-1.0.1.tgz",
      "integrity": "sha1-/oWy7HWlkDfyrf7BAP1sYBdhFS4="
    },
    "merge-stream": {
      "version": "2.0.0",
      "resolved": "https://registry.npmjs.org/merge-stream/-/merge-stream-2.0.0.tgz",
      "integrity": "sha512-abv/qOcuPfk3URPfDzmZU1LKmuw8kT+0nIHvKrKgFrwifol/doWcdA4ZqsWQ8ENrFKkd67Mfpo/LovbIUsbt3w=="
    },
    "merge2": {
      "version": "1.4.1",
      "resolved": "https://registry.npmjs.org/merge2/-/merge2-1.4.1.tgz",
      "integrity": "sha512-8q7VEgMJW4J8tcfVPy8g09NcQwZdbwFEqhe/WZkoIzjn/3TGDwtOCYtXGxA3O8tPzpczCCDgv+P2P5y00ZJOOg=="
    },
    "micromatch": {
      "version": "4.0.2",
      "resolved": "https://registry.npmjs.org/micromatch/-/micromatch-4.0.2.tgz",
      "integrity": "sha512-y7FpHSbMUMoyPbYUSzO6PaZ6FyRnQOpHuKwbo1G+Knck95XVU4QAiKdGEnj5wwoS7PlOgthX/09u5iFJ+aYf5Q==",
      "requires": {
        "braces": "^3.0.1",
        "picomatch": "^2.0.5"
      }
    },
    "mime-db": {
      "version": "1.44.0",
      "resolved": "https://registry.npmjs.org/mime-db/-/mime-db-1.44.0.tgz",
      "integrity": "sha512-/NOTfLrsPBVeH7YtFPgsVWveuL+4SjjYxaQ1xtM1KMFj7HdxlBlxeyNLzhyJVx7r4rZGJAZ/6lkKCitSc/Nmpg=="
    },
    "mime-types": {
      "version": "2.1.27",
      "resolved": "https://registry.npmjs.org/mime-types/-/mime-types-2.1.27.tgz",
      "integrity": "sha512-JIhqnCasI9yD+SsmkquHBxTSEuZdQX5BuQnS2Vc7puQQQ+8yiP5AY5uWhpdv4YL4VM5c6iliiYWPgJ/nJQLp7w==",
      "requires": {
        "mime-db": "1.44.0"
      }
    },
    "mimic-fn": {
      "version": "2.1.0",
      "resolved": "https://registry.npmjs.org/mimic-fn/-/mimic-fn-2.1.0.tgz",
      "integrity": "sha512-OqbOk5oEQeAZ8WXWydlu9HJjz9WVdEIvamMCcXmuqUYjTknH/sqsWvhQ3vgwKFRR1HpjvNBKQ37nbJgYzGqGcg=="
    },
    "mimic-response": {
      "version": "1.0.1",
      "resolved": "https://registry.npmjs.org/mimic-response/-/mimic-response-1.0.1.tgz",
      "integrity": "sha512-j5EctnkH7amfV/q5Hgmoal1g2QHFJRraOtmx0JpIqkxhBhI/lJSl1nMpQ45hVarwNETOoWEimndZ4QK0RHxuxQ=="
    },
    "mini-svg-data-uri": {
      "version": "1.2.3",
      "resolved": "https://registry.npmjs.org/mini-svg-data-uri/-/mini-svg-data-uri-1.2.3.tgz",
      "integrity": "sha512-zd6KCAyXgmq6FV1mR10oKXYtvmA9vRoB6xPSTUJTbFApCtkefDnYueVR1gkof3KcdLZo1Y8mjF2DFmQMIxsHNQ=="
    },
    "minimatch": {
      "version": "3.0.4",
      "resolved": "https://registry.npmjs.org/minimatch/-/minimatch-3.0.4.tgz",
      "integrity": "sha512-yJHVQEhyqPLUTgt9B83PXu6W3rx4MvvHvSUvToogpwoGDOUQ+yDrR0HRot+yOCdCO7u4hX3pWft6kWBBcqh0UA==",
      "requires": {
        "brace-expansion": "^1.1.7"
      }
    },
    "mkdirp": {
      "version": "1.0.4",
      "resolved": "https://registry.npmjs.org/mkdirp/-/mkdirp-1.0.4.tgz",
      "integrity": "sha512-vVqVZQyf3WLx2Shd0qJ9xuvqgAyKPLAiqITEtqW0oIUjzo3PePDd6fW9iFz30ef7Ysp/oiWqbhszeGWW2T6Gzw=="
    },
    "no-case": {
      "version": "2.3.2",
      "resolved": "https://registry.npmjs.org/no-case/-/no-case-2.3.2.tgz",
      "integrity": "sha512-rmTZ9kz+f3rCvK2TD1Ue/oZlns7OGoIWP4fc3llxxRXlOkHKoWPPWJOfFYpITabSow43QJbRIoHQXtt10VldyQ==",
      "requires": {
        "lower-case": "^1.1.1"
      }
    },
    "nopt": {
      "version": "5.0.0",
      "resolved": "https://registry.npmjs.org/nopt/-/nopt-5.0.0.tgz",
      "integrity": "sha512-Tbj67rffqceeLpcRXrT7vKAN8CwfPeIBgM7E6iBkmKLV7bEMwpGgYLGv0jACUsECaa/vuxP0IjEont6umdMgtQ==",
      "requires": {
        "abbrev": "1"
      }
    },
    "normalize-url": {
      "version": "4.5.0",
      "resolved": "https://registry.npmjs.org/normalize-url/-/normalize-url-4.5.0.tgz",
      "integrity": "sha512-2s47yzUxdexf1OhyRi4Em83iQk0aPvwTddtFz4hnSSw9dCEsLEGf6SwIO8ss/19S9iBb5sJaOuTvTGDeZI00BQ=="
    },
    "npm-run-path": {
      "version": "4.0.1",
      "resolved": "https://registry.npmjs.org/npm-run-path/-/npm-run-path-4.0.1.tgz",
      "integrity": "sha512-S48WzZW777zhNIrn7gxOlISNAqi9ZC/uQFnRdbeIHhZhCA6UqpkOT8T1G7BvfdgP4Er8gF4sUbaS0i7QvIfCWw==",
      "requires": {
        "path-key": "^3.0.0"
      }
    },
    "once": {
      "version": "1.4.0",
      "resolved": "https://registry.npmjs.org/once/-/once-1.4.0.tgz",
      "integrity": "sha1-WDsap3WWHUsROsF9nFC6753Xa9E=",
      "requires": {
        "wrappy": "1"
      }
    },
    "onetime": {
      "version": "5.1.2",
      "resolved": "https://registry.npmjs.org/onetime/-/onetime-5.1.2.tgz",
      "integrity": "sha512-kbpaSSGJTWdAY5KPVeMOKXSrPtr8C8C7wodJbcsd51jRnmD+GZu8Y0VoU6Dm5Z4vWr0Ig/1NKuWRKf7j5aaYSg==",
      "requires": {
        "mimic-fn": "^2.1.0"
      }
    },
    "p-cancelable": {
      "version": "2.0.0",
      "resolved": "https://registry.npmjs.org/p-cancelable/-/p-cancelable-2.0.0.tgz",
      "integrity": "sha512-wvPXDmbMmu2ksjkB4Z3nZWTSkJEb9lqVdMaCKpZUGJG9TMiNp9XcbG3fn9fPKjem04fJMJnXoyFPk2FmgiaiNg=="
    },
    "param-case": {
      "version": "2.1.1",
      "resolved": "https://registry.npmjs.org/param-case/-/param-case-2.1.1.tgz",
      "integrity": "sha1-35T9jPZTHs915r75oIWPvHK+Ikc=",
      "requires": {
        "no-case": "^2.2.0"
      }
    },
    "path-is-absolute": {
      "version": "1.0.1",
      "resolved": "https://registry.npmjs.org/path-is-absolute/-/path-is-absolute-1.0.1.tgz",
      "integrity": "sha1-F0uSaHNVNP+8es5r9TpanhtcX18="
    },
    "path-key": {
      "version": "3.1.1",
      "resolved": "https://registry.npmjs.org/path-key/-/path-key-3.1.1.tgz",
      "integrity": "sha512-ojmeN0qd+y0jszEtoY48r0Peq5dwMEkIlCOu6Q5f41lfkswXuKtYrhgoTpLnyIcHm24Uhqx+5Tqm2InSwLhE6Q=="
    },
    "picomatch": {
      "version": "2.2.2",
      "resolved": "https://registry.npmjs.org/picomatch/-/picomatch-2.2.2.tgz",
      "integrity": "sha512-q0M/9eZHzmr0AulXyPwNfZjtwZ/RBZlbN3K3CErVrk50T2ASYI7Bye0EvekFY3IP1Nt2DHu0re+V2ZHIpMkuWg=="
    },
    "prismjs": {
      "version": "1.22.0",
      "resolved": "https://registry.npmjs.org/prismjs/-/prismjs-1.22.0.tgz",
      "integrity": "sha512-lLJ/Wt9yy0AiSYBf212kK3mM5L8ycwlyTlSxHBAneXLR0nzFMlZ5y7riFPF3E33zXOF2IH95xdY5jIyZbM9z/w==",
      "requires": {
        "clipboard": "^2.0.0"
      }
    },
    "proto-list": {
      "version": "1.2.4",
      "resolved": "https://registry.npmjs.org/proto-list/-/proto-list-1.2.4.tgz",
      "integrity": "sha1-IS1b/hMYMGpCD2QCuOJv85ZHqEk="
    },
    "pseudomap": {
      "version": "1.0.2",
      "resolved": "https://registry.npmjs.org/pseudomap/-/pseudomap-1.0.2.tgz",
      "integrity": "sha1-8FKijacOYYkX7wqKw0wa5aaChrM="
    },
    "pump": {
      "version": "3.0.0",
      "resolved": "https://registry.npmjs.org/pump/-/pump-3.0.0.tgz",
      "integrity": "sha512-LwZy+p3SFs1Pytd/jYct4wpv49HiYCqd9Rlc5ZVdk0V+8Yzv6jR5Blk3TRmPL1ft69TxP0IMZGJ+WPFU2BFhww==",
      "requires": {
        "end-of-stream": "^1.1.0",
        "once": "^1.3.1"
      }
    },
    "quick-lru": {
      "version": "5.1.1",
      "resolved": "https://registry.npmjs.org/quick-lru/-/quick-lru-5.1.1.tgz",
      "integrity": "sha512-WuyALRjWPDGtt/wzJiadO5AXY+8hZ80hVpe6MyivgraREW751X3SbhRvG3eLKOYN+8VEvqLcf3wdnt44Z4S4SA=="
    },
    "relateurl": {
      "version": "0.2.7",
      "resolved": "https://registry.npmjs.org/relateurl/-/relateurl-0.2.7.tgz",
      "integrity": "sha1-VNvzd+UUQKypCkzSdGANP/LYiKk="
    },
    "resolve-alpn": {
      "version": "1.0.0",
      "resolved": "https://registry.npmjs.org/resolve-alpn/-/resolve-alpn-1.0.0.tgz",
      "integrity": "sha512-rTuiIEqFmGxne4IovivKSDzld2lWW9QCjqv80SYjPgf+gS35eaCAjaP54CCwGAwBtnCsvNLYtqxe1Nw+i6JEmA=="
    },
    "responselike": {
      "version": "2.0.0",
      "resolved": "https://registry.npmjs.org/responselike/-/responselike-2.0.0.tgz",
      "integrity": "sha512-xH48u3FTB9VsZw7R+vvgaKeLKzT6jOogbQhEe/jewwnZgzPcnyWui2Av6JpoYZF/91uueC+lqhWqeURw5/qhCw==",
      "requires": {
        "lowercase-keys": "^2.0.0"
      }
    },
    "reusify": {
      "version": "1.0.4",
      "resolved": "https://registry.npmjs.org/reusify/-/reusify-1.0.4.tgz",
      "integrity": "sha512-U9nH88a3fc/ekCF1l0/UP1IosiuIjyTh7hBvXVMHYgVcfGvt897Xguj2UOLDeI5BG2m7/uwyaLVT6fbtCwTyzw=="
    },
    "run-parallel": {
      "version": "1.1.9",
      "resolved": "https://registry.npmjs.org/run-parallel/-/run-parallel-1.1.9.tgz",
      "integrity": "sha512-DEqnSRTDw/Tc3FXf49zedI638Z9onwUotBMiUFKmrO2sdFKIbXamXGQ3Axd4qgphxKB4kw/qP1w5kTxnfU1B9Q=="
    },
    "select": {
      "version": "1.1.2",
      "resolved": "https://registry.npmjs.org/select/-/select-1.1.2.tgz",
      "integrity": "sha1-DnNQrN7ICxEIUoeG7B1EGNEbOW0=",
      "optional": true
    },
    "semver": {
      "version": "5.7.1",
      "resolved": "https://registry.npmjs.org/semver/-/semver-5.7.1.tgz",
      "integrity": "sha512-sauaDf/PZdVgrLTNYHRtpXa1iRiKcaebiKQ1BJdpQlWH2lCvexQdX55snPFyK7QzpudqbCI0qXFfOasHdyNDGQ=="
    },
    "shebang-command": {
      "version": "2.0.0",
      "resolved": "https://registry.npmjs.org/shebang-command/-/shebang-command-2.0.0.tgz",
      "integrity": "sha512-kHxr2zZpYtdmrN1qDjrrX/Z1rR1kG8Dx+gkpK1G4eXmvXswmcE1hTWBWYUzlraYw1/yZp6YuDY77YtvbN0dmDA==",
      "requires": {
        "shebang-regex": "^3.0.0"
      }
    },
    "shebang-regex": {
      "version": "3.0.0",
      "resolved": "https://registry.npmjs.org/shebang-regex/-/shebang-regex-3.0.0.tgz",
      "integrity": "sha512-7++dFhtcx3353uBaq8DDR4NuxBetBzC7ZQOhmTQInHEd6bSrXdiEyzCvG07Z44UYdLShWUyXt5M/yhz8ekcb1A=="
    },
    "sigmund": {
      "version": "1.0.1",
      "resolved": "https://registry.npmjs.org/sigmund/-/sigmund-1.0.1.tgz",
      "integrity": "sha1-P/IfGYytIXX587eBhT/ZTQ0ZtZA="
    },
    "signal-exit": {
      "version": "3.0.3",
      "resolved": "https://registry.npmjs.org/signal-exit/-/signal-exit-3.0.3.tgz",
      "integrity": "sha512-VUJ49FC8U1OxwZLxIbTTrDvLnf/6TDgxZcK8wxR8zs13xpx7xbG60ndBlhNrFi2EMuFRoeDoJO7wthSLq42EjA=="
    },
    "source-map": {
      "version": "0.6.1",
      "resolved": "https://registry.npmjs.org/source-map/-/source-map-0.6.1.tgz",
      "integrity": "sha512-UjgapumWlbMhkBgzT7Ykc5YXUT46F0iKu8SGXq0bcwP5dz/h0Plj6enJqjz1Zbq2l5WaqYnrVbwWOWMyF3F47g=="
    },
    "sprintf-js": {
      "version": "1.0.3",
      "resolved": "https://registry.npmjs.org/sprintf-js/-/sprintf-js-1.0.3.tgz",
      "integrity": "sha1-BOaSb2YolTVPPdAVIDYzuFcpfiw="
    },
    "strip-final-newline": {
      "version": "2.0.0",
      "resolved": "https://registry.npmjs.org/strip-final-newline/-/strip-final-newline-2.0.0.tgz",
      "integrity": "sha512-BrpvfNAE3dcvq7ll3xVumzjKjZQ5tI1sEUIKr3Uoks0XUl45St3FlatVqef9prk4jRDzhW6WZg+3bk93y6pLjA=="
    },
    "tiny-emitter": {
      "version": "2.1.0",
      "resolved": "https://registry.npmjs.org/tiny-emitter/-/tiny-emitter-2.1.0.tgz",
      "integrity": "sha512-NB6Dk1A9xgQPMoGqC5CVXn123gWyte215ONT5Pp5a0yt4nlEoO1ZWeCwpncaekPHXO60i47ihFnZPiRPjRMq4Q==",
      "optional": true
    },
    "to-regex-range": {
      "version": "5.0.1",
      "resolved": "https://registry.npmjs.org/to-regex-range/-/to-regex-range-5.0.1.tgz",
      "integrity": "sha512-65P7iz6X5yEr1cwcgvQxbbIw7Uk3gOy5dIdtZ4rDveLqhrdJP+Li/Hx6tyK0NEb+2GCyneCMJiGqrADCSNk8sQ==",
      "requires": {
        "is-number": "^7.0.0"
      }
    },
    "uc.micro": {
      "version": "1.0.6",
      "resolved": "https://registry.npmjs.org/uc.micro/-/uc.micro-1.0.6.tgz",
      "integrity": "sha512-8Y75pvTYkLJW2hWQHXxoqRgV7qb9B+9vFEtidML+7koHUFapnVJAZ6cKs+Qjz5Aw3aZWHMC6u0wJE3At+nSGwA=="
    },
    "uglify-js": {
      "version": "3.10.2",
      "resolved": "https://registry.npmjs.org/uglify-js/-/uglify-js-3.10.2.tgz",
      "integrity": "sha512-GXCYNwqoo0MbLARghYjxVBxDCnU0tLqN7IPLdHHbibCb1NI5zBkU2EPcy/GaVxc0BtTjqyGXJCINe6JMR2Dpow=="
    },
    "universalify": {
      "version": "1.0.0",
      "resolved": "https://registry.npmjs.org/universalify/-/universalify-1.0.0.tgz",
      "integrity": "sha512-rb6X1W158d7pRQBg5gkR8uPaSfiids68LTJQYOtEUhoJUWBdaQHsuT/EUduxXYxcrt4r5PJ4fuHW1MHT6p0qug=="
    },
    "upath": {
      "version": "1.2.0",
      "resolved": "https://registry.npmjs.org/upath/-/upath-1.2.0.tgz",
      "integrity": "sha512-aZwGpamFO61g3OlfT7OQCHqhGnW43ieH9WZeP7QxN/G/jS4jfqUkZxoryvJgVPEcrl5NL/ggHsSmLMHuH64Lhg=="
    },
    "upper-case": {
      "version": "1.1.3",
      "resolved": "https://registry.npmjs.org/upper-case/-/upper-case-1.1.3.tgz",
      "integrity": "sha1-9rRQHC7EzdJrp4vnIilh3ndiFZg="
    },
    "which": {
      "version": "2.0.2",
      "resolved": "https://registry.npmjs.org/which/-/which-2.0.2.tgz",
      "integrity": "sha512-BLI3Tl1TW3Pvl70l3yq3Y64i+awpwXqsGBYWkkqMtnbXgrMD+yj7rhW0kuEDxzJaYXGjEW5ogapKNMEKNMjibA==",
      "requires": {
        "isexe": "^2.0.0"
      }
    },
    "wrappy": {
      "version": "1.0.2",
      "resolved": "https://registry.npmjs.org/wrappy/-/wrappy-1.0.2.tgz",
      "integrity": "sha1-tSQ9jz7BqjXxNkYFvA0QNuMKtp8="
    },
    "yallist": {
      "version": "2.1.2",
      "resolved": "https://registry.npmjs.org/yallist/-/yallist-2.1.2.tgz",
      "integrity": "sha1-HBH5IY8HYImkfdUS+TxmmaaoHVI="
    }
  }
}
