{
	"name": "@markspec/plantuml",
	"version": "1.2.1",
	"lockfileVersion": 1,
	"requires": true,
	"dependencies": {
		"mini-svg-data-uri": {
			"version": "1.2.3",
			"resolved": "https://registry.npmjs.org/mini-svg-data-uri/-/mini-svg-data-uri-1.2.3.tgz",
			"integrity": "sha512-zd6KCAyXgmq6FV1mR10oKXYtvmA9vRoB6xPSTUJTbFApCtkefDnYueVR1gkof3KcdLZo1Y8mjF2DFmQMIxsHNQ=="
		}
	}
}
