{
	"name": "@markspec/vuepress-plugin-sections",
	"version": "1.1.2",
	"lockfileVersion": 1,
	"requires": true,
	"dependencies": {
		"@markspec/markdown-it-sections": {
			"version": "1.1.2",
			"resolved": "https://registry.npmjs.org/@markspec/markdown-it-sections/-/markdown-it-sections-1.1.2.tgz",
			"integrity": "sha512-29Wv8d1+anecWzKUCwWsZrSsyjowhYr66DePWJm0qMA79ibJaTrQU+H8G4L+5OYALq4erFd5f+zof9QLlVIy/g=="
		}
	}
}
