{
	"name": "@markspec/vuepress-plugin-footnote",
	"version": "1.1.2",
	"lockfileVersion": 1,
	"requires": true,
	"dependencies": {
		"@gerhobbelt/markdown-it-footnote": {
			"version": "3.0.2-4",
			"resolved": "https://registry.npmjs.org/@gerhobbelt/markdown-it-footnote/-/markdown-it-footnote-3.0.2-4.tgz",
			"integrity": "sha512-ACVg9BBugIHrou9UtnXhxccTh4sls6UoBPsUODtnkbVtR0IzUMySZEVTG2vIHGKgSBZvgIFv82RV+oZQ5k61Sw=="
		}
	}
}
